
Microsoft Visual Studio Solution File, Format Version 12.00
# Visual Studio Version 16
VisualStudioVersion = 16.0.30114.105
MinimumVisualStudioVersion = 10.0.40219.1
Project("{2150E333-8FDC-42A3-9474-1A3956D46DE8}") = "Fibonacci", "Fibonacci", "{3BE81F27-F69F-4FBE-8B13-AEF2AD498A00}"
EndProject
Project("{FAE04EC0-301F-11D3-BF4B-00C04F79EFBC}") = "Fibonacci", "Fibonacci\Fibonacci\Fibonacci.csproj", "{11D66A5E-718A-4B18-802E-33C23A66D766}"
EndProject
Project("{FAE04EC0-301F-11D3-BF4B-00C04F79EFBC}") = "Fibonacci.Test", "Fibonacci\Fibonacci.Test\Fibonacci.Test.csproj", "{546AD995-B595-4DEB-8C98-A4960A412C1B}"
EndProject
Global
	GlobalSection(SolutionConfigurationPlatforms) = preSolution
		Debug|Any CPU = Debug|Any CPU
		Release|Any CPU = Release|Any CPU
	EndGlobalSection
	GlobalSection(SolutionProperties) = preSolution
		HideSolutionNode = FALSE
	EndGlobalSection
	GlobalSection(ProjectConfigurationPlatforms) = postSolution
		{BAF09525-0B8D-4F7E-8D32-816EE435476D}.Debug|Any CPU.ActiveCfg = Debug|Any CPU
		{BAF09525-0B8D-4F7E-8D32-816EE435476D}.Debug|Any CPU.Build.0 = Debug|Any CPU
		{BAF09525-0B8D-4F7E-8D32-816EE435476D}.Release|Any CPU.ActiveCfg = Release|Any CPU
		{BAF09525-0B8D-4F7E-8D32-816EE435476D}.Release|Any CPU.Build.0 = Release|Any CPU
		{63567F99-4986-4DB2-B23D-CA3C476D2AE4}.Debug|Any CPU.ActiveCfg = Debug|Any CPU
		{63567F99-4986-4DB2-B23D-CA3C476D2AE4}.Debug|Any CPU.Build.0 = Debug|Any CPU
		{63567F99-4986-4DB2-B23D-CA3C476D2AE4}.Release|Any CPU.ActiveCfg = Release|Any CPU
		{63567F99-4986-4DB2-B23D-CA3C476D2AE4}.Release|Any CPU.Build.0 = Release|Any CPU
		{11D66A5E-718A-4B18-802E-33C23A66D766}.Debug|Any CPU.ActiveCfg = Debug|Any CPU
		{11D66A5E-718A-4B18-802E-33C23A66D766}.Debug|Any CPU.Build.0 = Debug|Any CPU
		{11D66A5E-718A-4B18-802E-33C23A66D766}.Release|Any CPU.ActiveCfg = Release|Any CPU
		{11D66A5E-718A-4B18-802E-33C23A66D766}.Release|Any CPU.Build.0 = Release|Any CPU
		{546AD995-B595-4DEB-8C98-A4960A412C1B}.Debug|Any CPU.ActiveCfg = Debug|Any CPU
		{546AD995-B595-4DEB-8C98-A4960A412C1B}.Debug|Any CPU.Build.0 = Debug|Any CPU
		{546AD995-B595-4DEB-8C98-A4960A412C1B}.Release|Any CPU.ActiveCfg = Release|Any CPU
		{546AD995-B595-4DEB-8C98-A4960A412C1B}.Release|Any CPU.Build.0 = Release|Any CPU
	EndGlobalSection
	GlobalSection(NestedProjects) = preSolution
		{BAF09525-0B8D-4F7E-8D32-816EE435476D} = {23C2ABB5-844A-4BB6-97FD-856099A8284B}
		{63567F99-4986-4DB2-B23D-CA3C476D2AE4} = {23C2ABB5-844A-4BB6-97FD-856099A8284B}
		{11D66A5E-718A-4B18-802E-33C23A66D766} = {3BE81F27-F69F-4FBE-8B13-AEF2AD498A00}
		{546AD995-B595-4DEB-8C98-A4960A412C1B} = {3BE81F27-F69F-4FBE-8B13-AEF2AD498A00}
	EndGlobalSection
EndGlobal
